
Microsoft Visual Studio Solution File, Format Version 12.00
# Visual Studio Version 16
VisualStudioVersion = 16.0.30907.101
MinimumVisualStudioVersion = 10.0.40219.1
Project("{FAE04EC0-301F-11D3-BF4B-00C04F79EFBC}") = "Rpg Game Big Project", "Rpg Game Big Project\Rpg Game Big Project.csproj", "{C6462201-CB5B-4470-A25A-B5BFBCD756AA}"
EndProject
Global
	GlobalSection(SolutionConfigurationPlatforms) = preSolution
		Debug|Any CPU = Debug|Any CPU
		Release|Any CPU = Release|Any CPU
	EndGlobalSection
	GlobalSection(ProjectConfigurationPlatforms) = postSolution
		{C6462201-CB5B-4470-A25A-B5BFBCD756AA}.Debug|Any CPU.ActiveCfg = Debug|Any CPU
		{C6462201-CB5B-4470-A25A-B5BFBCD756AA}.Debug|Any CPU.Build.0 = Debug|Any CPU
		{C6462201-CB5B-4470-A25A-B5BFBCD756AA}.Release|Any CPU.ActiveCfg = Release|Any CPU
		{C6462201-CB5B-4470-A25A-B5BFBCD756AA}.Release|Any CPU.Build.0 = Release|Any CPU
	EndGlobalSection
	GlobalSection(SolutionProperties) = preSolution
		HideSolutionNode = FALSE
	EndGlobalSection
	GlobalSection(ExtensibilityGlobals) = postSolution
		SolutionGuid = {EC668B96-E46E-40AB-A64F-96DFC3BFDDC6}
	EndGlobalSection
EndGlobal
